// !$*UTF8*$!
{
	archiveVersion = 1;
	classes = {
	};
	objectVersion = 56;
	objects = {

/* Begin PBXBuildFile section */
		782ACE912C7F453F0006AC6E /* MapViewModel.swift in Sources */ = {isa = PBXBuildFile; fileRef = 782ACE902C7F453F0006AC6E /* MapViewModel.swift */; };
		789B72C12C6CC48400247CEE /* MykiInspectorsApp.swift in Sources */ = {isa = PBXBuildFile; fileRef = 789B72C02C6CC48400247CEE /* MykiInspectorsApp.swift */; };
		789B72C32C6CC48400247CEE /* ContentView.swift in Sources */ = {isa = PBXBuildFile; fileRef = 789B72C22C6CC48400247CEE /* ContentView.swift */; };
		789B72C52C6CC48400247CEE /* Item.swift in Sources */ = {isa = PBXBuildFile; fileRef = 789B72C42C6CC48400247CEE /* Item.swift */; };
		789B72C72C6CC48700247CEE /* Assets.xcassets in Resources */ = {isa = PBXBuildFile; fileRef = 789B72C62C6CC48700247CEE /* Assets.xcassets */; };
		789B72CA2C6CC48700247CEE /* Preview Assets.xcassets in Resources */ = {isa = PBXBuildFile; fileRef = 789B72C92C6CC48700247CEE /* Preview Assets.xcassets */; };
		789B72D42C6CC48700247CEE /* MykiInspectorsTests.swift in Sources */ = {isa = PBXBuildFile; fileRef = 789B72D32C6CC48700247CEE /* MykiInspectorsTests.swift */; };
		789B72DE2C6CC48700247CEE /* MykiInspectorsUITests.swift in Sources */ = {isa = PBXBuildFile; fileRef = 789B72DD2C6CC48700247CEE /* MykiInspectorsUITests.swift */; };
		789B72E02C6CC48700247CEE /* MykiInspectorsUITestsLaunchTests.swift in Sources */ = {isa = PBXBuildFile; fileRef = 789B72DF2C6CC48700247CEE /* MykiInspectorsUITestsLaunchTests.swift */; };
		789B72ED2C70CE8100247CEE /* page2.swift in Sources */ = {isa = PBXBuildFile; fileRef = 789B72EC2C70CE8100247CEE /* page2.swift */; };
		789B72EF2C70CF6200247CEE /* Locationmanager.swift in Sources */ = {isa = PBXBuildFile; fileRef = 789B72EE2C70CF6200247CEE /* Locationmanager.swift */; };
		789B72F12C70DF0600247CEE /* AllPoints.swift in Sources */ = {isa = PBXBuildFile; fileRef = 789B72F02C70DF0600247CEE /* AllPoints.swift */; };
		789B72F32C78A06800247CEE /* SecondPage.swift in Sources */ = {isa = PBXBuildFile; fileRef = 789B72F22C78A06800247CEE /* SecondPage.swift */; };
/* End PBXBuildFile section */

/* Begin PBXContainerItemProxy section */
		789B72D02C6CC48700247CEE /* PBXContainerItemProxy */ = {
			isa = PBXContainerItemProxy;
			containerPortal = 789B72B52C6CC48400247CEE /* Project object */;
			proxyType = 1;
			remoteGlobalIDString = 789B72BC2C6CC48400247CEE;
			remoteInfo = MykiInspectors;
		};
		789B72DA2C6CC48700247CEE /* PBXContainerItemProxy */ = {
			isa = PBXContainerItemProxy;
			containerPortal = 789B72B52C6CC48400247CEE /* Project object */;
			proxyType = 1;
			remoteGlobalIDString = 789B72BC2C6CC48400247CEE;
			remoteInfo = MykiInspectors;
		};
/* End PBXContainerItemProxy section */

/* Begin PBXFileReference section */
		782ACE902C7F453F0006AC6E /* MapViewModel.swift */ = {isa = PBXFileReference; lastKnownFileType = sourcecode.swift; path = MapViewModel.swift; sourceTree = "<group>"; };
		789B72BD2C6CC48400247CEE /* MykiInspectors.app */ = {isa = PBXFileReference; explicitFileType = wrapper.application; includeInIndex = 0; path = MykiInspectors.app; sourceTree = BUILT_PRODUCTS_DIR; };
		789B72C02C6CC48400247CEE /* MykiInspectorsApp.swift */ = {isa = PBXFileReference; lastKnownFileType = sourcecode.swift; path = MykiInspectorsApp.swift; sourceTree = "<group>"; };
		789B72C22C6CC48400247CEE /* ContentView.swift */ = {isa = PBXFileReference; lastKnownFileType = sourcecode.swift; path = ContentView.swift; sourceTree = "<group>"; };
		789B72C42C6CC48400247CEE /* Item.swift */ = {isa = PBXFileReference; lastKnownFileType = sourcecode.swift; path = Item.swift; sourceTree = "<group>"; };
		789B72C62C6CC48700247CEE /* Assets.xcassets */ = {isa = PBXFileReference; lastKnownFileType = folder.assetcatalog; path = Assets.xcassets; sourceTree = "<group>"; };
		789B72C92C6CC48700247CEE /* Preview Assets.xcassets */ = {isa = PBXFileReference; lastKnownFileType = folder.assetcatalog; path = "Preview Assets.xcassets"; sourceTree = "<group>"; };
		789B72CF2C6CC48700247CEE /* MykiInspectorsTests.xctest */ = {isa = PBXFileReference; explicitFileType = wrapper.cfbundle; includeInIndex = 0; path = MykiInspectorsTests.xctest; sourceTree = BUILT_PRODUCTS_DIR; };
		789B72D32C6CC48700247CEE /* MykiInspectorsTests.swift */ = {isa = PBXFileReference; lastKnownFileType = sourcecode.swift; path = MykiInspectorsTests.swift; sourceTree = "<group>"; };
		789B72D92C6CC48700247CEE /* MykiInspectorsUITests.xctest */ = {isa = PBXFileReference; explicitFileType = wrapper.cfbundle; includeInIndex = 0; path = MykiInspectorsUITests.xctest; sourceTree = BUILT_PRODUCTS_DIR; };
		789B72DD2C6CC48700247CEE /* MykiInspectorsUITests.swift */ = {isa = PBXFileReference; lastKnownFileType = sourcecode.swift; path = MykiInspectorsUITests.swift; sourceTree = "<group>"; };
		789B72DF2C6CC48700247CEE /* MykiInspectorsUITestsLaunchTests.swift */ = {isa = PBXFileReference; lastKnownFileType = sourcecode.swift; path = MykiInspectorsUITestsLaunchTests.swift; sourceTree = "<group>"; };
		789B72EC2C70CE8100247CEE /* page2.swift */ = {isa = PBXFileReference; lastKnownFileType = sourcecode.swift; path = page2.swift; sourceTree = "<group>"; };
		789B72EE2C70CF6200247CEE /* Locationmanager.swift */ = {isa = PBXFileReference; lastKnownFileType = sourcecode.swift; path = Locationmanager.swift; sourceTree = "<group>"; };
		789B72F02C70DF0600247CEE /* AllPoints.swift */ = {isa = PBXFileReference; lastKnownFileType = sourcecode.swift; path = AllPoints.swift; sourceTree = "<group>"; };
		789B72F22C78A06800247CEE /* SecondPage.swift */ = {isa = PBXFileReference; lastKnownFileType = sourcecode.swift; path = SecondPage.swift; sourceTree = "<group>"; };
/* End PBXFileReference section */

/* Begin PBXFrameworksBuildPhase section */
		789B72BA2C6CC48400247CEE /* Frameworks */ = {
			isa = PBXFrameworksBuildPhase;
			buildActionMask = 2147483647;
			files = (
			);
			runOnlyForDeploymentPostprocessing = 0;
		};
		789B72CC2C6CC48700247CEE /* Frameworks */ = {
			isa = PBXFrameworksBuildPhase;
			buildActionMask = 2147483647;
			files = (
			);
			runOnlyForDeploymentPostprocessing = 0;
		};
		789B72D62C6CC48700247CEE /* Frameworks */ = {
			isa = PBXFrameworksBuildPhase;
			buildActionMask = 2147483647;
			files = (
			);
			runOnlyForDeploymentPostprocessing = 0;
		};
/* End PBXFrameworksBuildPhase section */

/* Begin PBXGroup section */
		789B72B42C6CC48400247CEE = {
			isa = PBXGroup;
			children = (
				782ACE902C7F453F0006AC6E /* MapViewModel.swift */,
				789B72F22C78A06800247CEE /* SecondPage.swift */,
				789B72EE2C70CF6200247CEE /* Locationmanager.swift */,
				789B72EC2C70CE8100247CEE /* page2.swift */,
				789B72BF2C6CC48400247CEE /* MykiInspectors */,
				789B72D22C6CC48700247CEE /* MykiInspectorsTests */,
				789B72DC2C6CC48700247CEE /* MykiInspectorsUITests */,
				789B72BE2C6CC48400247CEE /* Products */,
			);
			sourceTree = "<group>";
		};
		789B72BE2C6CC48400247CEE /* Products */ = {
			isa = PBXGroup;
			children = (
				789B72BD2C6CC48400247CEE /* MykiInspectors.app */,
				789B72CF2C6CC48700247CEE /* MykiInspectorsTests.xctest */,
				789B72D92C6CC48700247CEE /* MykiInspectorsUITests.xctest */,
			);
			name = Products;
			sourceTree = "<group>";
		};
		789B72BF2C6CC48400247CEE /* MykiInspectors */ = {
			isa = PBXGroup;
			children = (
				789B72C02C6CC48400247CEE /* MykiInspectorsApp.swift */,
				789B72F02C70DF0600247CEE /* AllPoints.swift */,
				789B72C22C6CC48400247CEE /* ContentView.swift */,
				789B72C42C6CC48400247CEE /* Item.swift */,
				789B72C62C6CC48700247CEE /* Assets.xcassets */,
				789B72C82C6CC48700247CEE /* Preview Content */,
			);
			path = MykiInspectors;
			sourceTree = "<group>";
		};
		789B72C82C6CC48700247CEE /* Preview Content */ = {
			isa = PBXGroup;
			children = (
				789B72C92C6CC48700247CEE /* Preview Assets.xcassets */,
			);
			path = "Preview Content";
			sourceTree = "<group>";
		};
		789B72D22C6CC48700247CEE /* MykiInspectorsTests */ = {
			isa = PBXGroup;
			children = (
				789B72D32C6CC48700247CEE /* MykiInspectorsTests.swift */,
			);
			path = MykiInspectorsTests;
			sourceTree = "<group>";
		};
		789B72DC2C6CC48700247CEE /* MykiInspectorsUITests */ = {
			isa = PBXGroup;
			children = (
				789B72DD2C6CC48700247CEE /* MykiInspectorsUITests.swift */,
				789B72DF2C6CC48700247CEE /* MykiInspectorsUITestsLaunchTests.swift */,
			);
			path = MykiInspectorsUITests;
			sourceTree = "<group>";
		};
/* End PBXGroup section */

/* Begin PBXNativeTarget section */
		789B72BC2C6CC48400247CEE /* MykiInspectors */ = {
			isa = PBXNativeTarget;
			buildConfigurationList = 789B72E32C6CC48700247CEE /* Build configuration list for PBXNativeTarget "MykiInspectors" */;
			buildPhases = (
				789B72B92C6CC48400247CEE /* Sources */,
				789B72BA2C6CC48400247CEE /* Frameworks */,
				789B72BB2C6CC48400247CEE /* Resources */,
			);
			buildRules = (
			);
			dependencies = (
			);
			name = MykiInspectors;
			productName = MykiInspectors;
			productReference = 789B72BD2C6CC48400247CEE /* MykiInspectors.app */;
			productType = "com.apple.product-type.application";
		};
		789B72CE2C6CC48700247CEE /* MykiInspectorsTests */ = {
			isa = PBXNativeTarget;
			buildConfigurationList = 789B72E62C6CC48700247CEE /* Build configuration list for PBXNativeTarget "MykiInspectorsTests" */;
			buildPhases = (
				789B72CB2C6CC48700247CEE /* Sources */,
				789B72CC2C6CC48700247CEE /* Frameworks */,
				789B72CD2C6CC48700247CEE /* Resources */,
			);
			buildRules = (
			);
			dependencies = (
				789B72D12C6CC48700247CEE /* PBXTargetDependency */,
			);
			name = MykiInspectorsTests;
			productName = MykiInspectorsTests;
			productReference = 789B72CF2C6CC48700247CEE /* MykiInspectorsTests.xctest */;
			productType = "com.apple.product-type.bundle.unit-test";
		};
		789B72D82C6CC48700247CEE /* MykiInspectorsUITests */ = {
			isa = PBXNativeTarget;
			buildConfigurationList = 789B72E92C6CC48700247CEE /* Build configuration list for PBXNativeTarget "MykiInspectorsUITests" */;
			buildPhases = (
				789B72D52C6CC48700247CEE /* Sources */,
				789B72D62C6CC48700247CEE /* Frameworks */,
				789B72D72C6CC48700247CEE /* Resources */,
			);
			buildRules = (
			);
			dependencies = (
				789B72DB2C6CC48700247CEE /* PBXTargetDependency */,
			);
			name = MykiInspectorsUITests;
			productName = MykiInspectorsUITests;
			productReference = 789B72D92C6CC48700247CEE /* MykiInspectorsUITests.xctest */;
			productType = "com.apple.product-type.bundle.ui-testing";
		};
/* End PBXNativeTarget section */

/* Begin PBXProject section */
		789B72B52C6CC48400247CEE /* Project object */ = {
			isa = PBXProject;
			attributes = {
				BuildIndependentTargetsInParallel = 1;
				LastSwiftUpdateCheck = 1540;
				LastUpgradeCheck = 1540;
				TargetAttributes = {
					789B72BC2C6CC48400247CEE = {
						CreatedOnToolsVersion = 15.4;
					};
					789B72CE2C6CC48700247CEE = {
						CreatedOnToolsVersion = 15.4;
						TestTargetID = 789B72BC2C6CC48400247CEE;
					};
					789B72D82C6CC48700247CEE = {
						CreatedOnToolsVersion = 15.4;
						TestTargetID = 789B72BC2C6CC48400247CEE;
					};
				};
			};
			buildConfigurationList = 789B72B82C6CC48400247CEE /* Build configuration list for PBXProject "MykiInspectors" */;
			compatibilityVersion = "Xcode 14.0";
			developmentRegion = en;
			hasScannedForEncodings = 0;
			knownRegions = (
				en,
				Base,
			);
			mainGroup = 789B72B42C6CC48400247CEE;
			productRefGroup = 789B72BE2C6CC48400247CEE /* Products */;
			projectDirPath = "";
			projectRoot = "";
			targets = (
				789B72BC2C6CC48400247CEE /* MykiInspectors */,
				789B72CE2C6CC48700247CEE /* MykiInspectorsTests */,
				789B72D82C6CC48700247CEE /* MykiInspectorsUITests */,
			);
		};
/* End PBXProject section */

/* Begin PBXResourcesBuildPhase section */
		789B72BB2C6CC48400247CEE /* Resources */ = {
			isa = PBXResourcesBuildPhase;
			buildActionMask = 2147483647;
			files = (
				789B72CA2C6CC48700247CEE /* Preview Assets.xcassets in Resources */,
				789B72C72C6CC48700247CEE /* Assets.xcassets in Resources */,
			);
			runOnlyForDeploymentPostprocessing = 0;
		};
		789B72CD2C6CC48700247CEE /* Resources */ = {
			isa = PBXResourcesBuildPhase;
			buildActionMask = 2147483647;
			files = (
			);
			runOnlyForDeploymentPostprocessing = 0;
		};
		789B72D72C6CC48700247CEE /* Resources */ = {
			isa = PBXResourcesBuildPhase;
			buildActionMask = 2147483647;
			files = (
			);
			runOnlyForDeploymentPostprocessing = 0;
		};
/* End PBXResourcesBuildPhase section */

/* Begin PBXSourcesBuildPhase section */
		789B72B92C6CC48400247CEE /* Sources */ = {
			isa = PBXSourcesBuildPhase;
			buildActionMask = 2147483647;
			files = (
				789B72C32C6CC48400247CEE /* ContentView.swift in Sources */,
				789B72ED2C70CE8100247CEE /* page2.swift in Sources */,
				789B72F12C70DF0600247CEE /* AllPoints.swift in Sources */,
				789B72F32C78A06800247CEE /* SecondPage.swift in Sources */,
				789B72C52C6CC48400247CEE /* Item.swift in Sources */,
				789B72C12C6CC48400247CEE /* MykiInspectorsApp.swift in Sources */,
				789B72EF2C70CF6200247CEE /* Locationmanager.swift in Sources */,
				782ACE912C7F453F0006AC6E /* MapViewModel.swift in Sources */,
			);
			runOnlyForDeploymentPostprocessing = 0;
		};
		789B72CB2C6CC48700247CEE /* Sources */ = {
			isa = PBXSourcesBuildPhase;
			buildActionMask = 2147483647;
			files = (
				789B72D42C6CC48700247CEE /* MykiInspectorsTests.swift in Sources */,
			);
			runOnlyForDeploymentPostprocessing = 0;
		};
		789B72D52C6CC48700247CEE /* Sources */ = {
			isa = PBXSourcesBuildPhase;
			buildActionMask = 2147483647;
			files = (
				789B72E02C6CC48700247CEE /* MykiInspectorsUITestsLaunchTests.swift in Sources */,
				789B72DE2C6CC48700247CEE /* MykiInspectorsUITests.swift in Sources */,
			);
			runOnlyForDeploymentPostprocessing = 0;
		};
/* End PBXSourcesBuildPhase section */

/* Begin PBXTargetDependency section */
		789B72D12C6CC48700247CEE /* PBXTargetDependency */ = {
			isa = PBXTargetDependency;
			target = 789B72BC2C6CC48400247CEE /* MykiInspectors */;
			targetProxy = 789B72D02C6CC48700247CEE /* PBXContainerItemProxy */;
		};
		789B72DB2C6CC48700247CEE /* PBXTargetDependency */ = {
			isa = PBXTargetDependency;
			target = 789B72BC2C6CC48400247CEE /* MykiInspectors */;
			targetProxy = 789B72DA2C6CC48700247CEE /* PBXContainerItemProxy */;
		};
/* End PBXTargetDependency section */

/* Begin XCBuildConfiguration section */
		789B72E12C6CC48700247CEE /* Debug */ = {
			isa = XCBuildConfiguration;
			buildSettings = {
				ALWAYS_SEARCH_USER_PATHS = NO;
				ASSETCATALOG_COMPILER_GENERATE_SWIFT_ASSET_SYMBOL_EXTENSIONS = YES;
				CLANG_ANALYZER_NONNULL = YES;
				CLANG_ANALYZER_NUMBER_OBJECT_CONVERSION = YES_AGGRESSIVE;
				CLANG_CXX_LANGUAGE_STANDARD = "gnu++20";
				CLANG_ENABLE_MODULES = YES;
				CLANG_ENABLE_OBJC_ARC = YES;
				CLANG_ENABLE_OBJC_WEAK = YES;
				CLANG_WARN_BLOCK_CAPTURE_AUTORELEASING = YES;
				CLANG_WARN_BOOL_CONVERSION = YES;
				CLANG_WARN_COMMA = YES;
				CLANG_WARN_CONSTANT_CONVERSION = YES;
				CLANG_WARN_DEPRECATED_OBJC_IMPLEMENTATIONS = YES;
				CLANG_WARN_DIRECT_OBJC_ISA_USAGE = YES_ERROR;
				CLANG_WARN_DOCUMENTATION_COMMENTS = YES;
				CLANG_WARN_EMPTY_BODY = YES;
				CLANG_WARN_ENUM_CONVERSION = YES;
				CLANG_WARN_INFINITE_RECURSION = YES;
				CLANG_WARN_INT_CONVERSION = YES;
				CLANG_WARN_NON_LITERAL_NULL_CONVERSION = YES;
				CLANG_WARN_OBJC_IMPLICIT_RETAIN_SELF = YES;
				CLANG_WARN_OBJC_LITERAL_CONVERSION = YES;
				CLANG_WARN_OBJC_ROOT_CLASS = YES_ERROR;
				CLANG_WARN_QUOTED_INCLUDE_IN_FRAMEWORK_HEADER = YES;
				CLANG_WARN_RANGE_LOOP_ANALYSIS = YES;
				CLANG_WARN_STRICT_PROTOTYPES = YES;
				CLANG_WARN_SUSPICIOUS_MOVE = YES;
				CLANG_WARN_UNGUARDED_AVAILABILITY = YES_AGGRESSIVE;
				CLANG_WARN_UNREACHABLE_CODE = YES;
				CLANG_WARN__DUPLICATE_METHOD_MATCH = YES;
				COPY_PHASE_STRIP = NO;
				DEBUG_INFORMATION_FORMAT = dwarf;
				ENABLE_STRICT_OBJC_MSGSEND = YES;
				ENABLE_TESTABILITY = YES;
				ENABLE_USER_SCRIPT_SANDBOXING = YES;
				GCC_C_LANGUAGE_STANDARD = gnu17;
				GCC_DYNAMIC_NO_PIC = NO;
				GCC_NO_COMMON_BLOCKS = YES;
				GCC_OPTIMIZATION_LEVEL = 0;
				GCC_PREPROCESSOR_DEFINITIONS = (
					"DEBUG=1",
					"$(inherited)",
				);
				GCC_WARN_64_TO_32_BIT_CONVERSION = YES;
				GCC_WARN_ABOUT_RETURN_TYPE = YES_ERROR;
				GCC_WARN_UNDECLARED_SELECTOR = YES;
				GCC_WARN_UNINITIALIZED_AUTOS = YES_AGGRESSIVE;
				GCC_WARN_UNUSED_FUNCTION = YES;
				GCC_WARN_UNUSED_VARIABLE = YES;
				IPHONEOS_DEPLOYMENT_TARGET = 17.5;
				LOCALIZATION_PREFERS_STRING_CATALOGS = YES;
				MTL_ENABLE_DEBUG_INFO = INCLUDE_SOURCE;
				MTL_FAST_MATH = YES;
				ONLY_ACTIVE_ARCH = YES;
				SDKROOT = iphoneos;
				SWIFT_ACTIVE_COMPILATION_CONDITIONS = "DEBUG $(inherited)";
				SWIFT_OPTIMIZATION_LEVEL = "-Onone";
			};
			name = Debug;
		};
		789B72E22C6CC48700247CEE /* Release */ = {
			isa = XCBuildConfiguration;
			buildSettings = {
				ALWAYS_SEARCH_USER_PATHS = NO;
				ASSETCATALOG_COMPILER_GENERATE_SWIFT_ASSET_SYMBOL_EXTENSIONS = YES;
				CLANG_ANALYZER_NONNULL = YES;
				CLANG_ANALYZER_NUMBER_OBJECT_CONVERSION = YES_AGGRESSIVE;
				CLANG_CXX_LANGUAGE_STANDARD = "gnu++20";
				CLANG_ENABLE_MODULES = YES;
				CLANG_ENABLE_OBJC_ARC = YES;
				CLANG_ENABLE_OBJC_WEAK = YES;
				CLANG_WARN_BLOCK_CAPTURE_AUTORELEASING = YES;
				CLANG_WARN_BOOL_CONVERSION = YES;
				CLANG_WARN_COMMA = YES;
				CLANG_WARN_CONSTANT_CONVERSION = YES;
				CLANG_WARN_DEPRECATED_OBJC_IMPLEMENTATIONS = YES;
				CLANG_WARN_DIRECT_OBJC_ISA_USAGE = YES_ERROR;
				CLANG_WARN_DOCUMENTATION_COMMENTS = YES;
				CLANG_WARN_EMPTY_BODY = YES;
				CLANG_WARN_ENUM_CONVERSION = YES;
				CLANG_WARN_INFINITE_RECURSION = YES;
				CLANG_WARN_INT_CONVERSION = YES;
				CLANG_WARN_NON_LITERAL_NULL_CONVERSION = YES;
				CLANG_WARN_OBJC_IMPLICIT_RETAIN_SELF = YES;
				CLANG_WARN_OBJC_LITERAL_CONVERSION = YES;
				CLANG_WARN_OBJC_ROOT_CLASS = YES_ERROR;
				CLANG_WARN_QUOTED_INCLUDE_IN_FRAMEWORK_HEADER = YES;
				CLANG_WARN_RANGE_LOOP_ANALYSIS = YES;
				CLANG_WARN_STRICT_PROTOTYPES = YES;
				CLANG_WARN_SUSPICIOUS_MOVE = YES;
				CLANG_WARN_UNGUARDED_AVAILABILITY = YES_AGGRESSIVE;
				CLANG_WARN_UNREACHABLE_CODE = YES;
				CLANG_WARN__DUPLICATE_METHOD_MATCH = YES;
				COPY_PHASE_STRIP = NO;
				DEBUG_INFORMATION_FORMAT = "dwarf-with-dsym";
				ENABLE_NS_ASSERTIONS = NO;
				ENABLE_STRICT_OBJC_MSGSEND = YES;
				ENABLE_USER_SCRIPT_SANDBOXING = YES;
				GCC_C_LANGUAGE_STANDARD = gnu17;
				GCC_NO_COMMON_BLOCKS = YES;
				GCC_WARN_64_TO_32_BIT_CONVERSION = YES;
				GCC_WARN_ABOUT_RETURN_TYPE = YES_ERROR;
				GCC_WARN_UNDECLARED_SELECTOR = YES;
				GCC_WARN_UNINITIALIZED_AUTOS = YES_AGGRESSIVE;
				GCC_WARN_UNUSED_FUNCTION = YES;
				GCC_WARN_UNUSED_VARIABLE = YES;
				IPHONEOS_DEPLOYMENT_TARGET = 17.5;
				LOCALIZATION_PREFERS_STRING_CATALOGS = YES;
				MTL_ENABLE_DEBUG_INFO = NO;
				MTL_FAST_MATH = YES;
				SDKROOT = iphoneos;
				SWIFT_COMPILATION_MODE = wholemodule;
				VALIDATE_PRODUCT = YES;
			};
			name = Release;
		};
		789B72E42C6CC48700247CEE /* Debug */ = {
			isa = XCBuildConfiguration;
			buildSettings = {
				ASSETCATALOG_COMPILER_APPICON_NAME = AppIcon;
				ASSETCATALOG_COMPILER_GLOBAL_ACCENT_COLOR_NAME = AccentColor;
				CODE_SIGN_STYLE = Automatic;
				CURRENT_PROJECT_VERSION = 1;
				DEVELOPMENT_ASSET_PATHS = "\"MykiInspectors/Preview Content\"";
				ENABLE_PREVIEWS = YES;
				GENERATE_INFOPLIST_FILE = YES;
				INFOPLIST_KEY_NSLocationWhenInUseUsageDescription = "This app needs to know your location to show your location on the screen";
				INFOPLIST_KEY_UIApplicationSceneManifest_Generation = YES;
				INFOPLIST_KEY_UIApplicationSupportsIndirectInputEvents = YES;
				INFOPLIST_KEY_UILaunchScreen_Generation = YES;
				INFOPLIST_KEY_UISupportedInterfaceOrientations_iPad = "UIInterfaceOrientationPortrait UIInterfaceOrientationPortraitUpsideDown UIInterfaceOrientationLandscapeLeft UIInterfaceOrientationLandscapeRight";
				INFOPLIST_KEY_UISupportedInterfaceOrientations_iPhone = "UIInterfaceOrientationPortrait UIInterfaceOrientationLandscapeLeft UIInterfaceOrientationLandscapeRight";
				LD_RUNPATH_SEARCH_PATHS = (
					"$(inherited)",
					"@executable_path/Frameworks",
				);
				MARKETING_VERSION = 1.0;
				PRODUCT_BUNDLE_IDENTIFIER = blank.MykiInspectors;
				PRODUCT_NAME = "$(TARGET_NAME)";
				SWIFT_EMIT_LOC_STRINGS = YES;
				SWIFT_VERSION = 5.0;
				TARGETED_DEVICE_FAMILY = "1,2";
			};
			name = Debug;
		};
		789B72E52C6CC48700247CEE /* Release */ = {
			isa = XCBuildConfiguration;
			buildSettings = {
				ASSETCATALOG_COMPILER_APPICON_NAME = AppIcon;
				ASSETCATALOG_COMPILER_GLOBAL_ACCENT_COLOR_NAME = AccentColor;
				CODE_SIGN_STYLE = Automatic;
				CURRENT_PROJECT_VERSION = 1;
				DEVELOPMENT_ASSET_PATHS = "\"MykiInspectors/Preview Content\"";
				ENABLE_PREVIEWS = YES;
				GENERATE_INFOPLIST_FILE = YES;
				INFOPLIST_KEY_NSLocationWhenInUseUsageDescription = "This app needs to know your location to show your location on the screen";
				INFOPLIST_KEY_UIApplicationSceneManifest_Generation = YES;
				INFOPLIST_KEY_UIApplicationSupportsIndirectInputEvents = YES;
				INFOPLIST_KEY_UILaunchScreen_Generation = YES;
				INFOPLIST_KEY_UISupportedInterfaceOrientations_iPad = "UIInterfaceOrientationPortrait UIInterfaceOrientationPortraitUpsideDown UIInterfaceOrientationLandscapeLeft UIInterfaceOrientationLandscapeRight";
				INFOPLIST_KEY_UISupportedInterfaceOrientations_iPhone = "UIInterfaceOrientationPortrait UIInterfaceOrientationLandscapeLeft UIInterfaceOrientationLandscapeRight";
				LD_RUNPATH_SEARCH_PATHS = (
					"$(inherited)",
					"@executable_path/Frameworks",
				);
				MARKETING_VERSION = 1.0;
				PRODUCT_BUNDLE_IDENTIFIER = blank.MykiInspectors;
				PRODUCT_NAME = "$(TARGET_NAME)";
				SWIFT_EMIT_LOC_STRINGS = YES;
				SWIFT_VERSION = 5.0;
				TARGETED_DEVICE_FAMILY = "1,2";
			};
			name = Release;
		};
		789B72E72C6CC48700247CEE /* Debug */ = {
			isa = XCBuildConfiguration;
			buildSettings = {
				ALWAYS_EMBED_SWIFT_STANDARD_LIBRARIES = YES;
				BUNDLE_LOADER = "$(TEST_HOST)";
				CODE_SIGN_STYLE = Automatic;
				CURRENT_PROJECT_VERSION = 1;
				GENERATE_INFOPLIST_FILE = YES;
				IPHONEOS_DEPLOYMENT_TARGET = 17.5;
				MARKETING_VERSION = 1.0;
				PRODUCT_BUNDLE_IDENTIFIER = blank.MykiInspectorsTests;
				PRODUCT_NAME = "$(TARGET_NAME)";
				SWIFT_EMIT_LOC_STRINGS = NO;
				SWIFT_VERSION = 5.0;
				TARGETED_DEVICE_FAMILY = "1,2";
				TEST_HOST = "$(BUILT_PRODUCTS_DIR)/MykiInspectors.app/$(BUNDLE_EXECUTABLE_FOLDER_PATH)/MykiInspectors";
			};
			name = Debug;
		};
		789B72E82C6CC48700247CEE /* Release */ = {
			isa = XCBuildConfiguration;
			buildSettings = {
				ALWAYS_EMBED_SWIFT_STANDARD_LIBRARIES = YES;
				BUNDLE_LOADER = "$(TEST_HOST)";
				CODE_SIGN_STYLE = Automatic;
				CURRENT_PROJECT_VERSION = 1;
				GENERATE_INFOPLIST_FILE = YES;
				IPHONEOS_DEPLOYMENT_TARGET = 17.5;
				MARKETING_VERSION = 1.0;
				PRODUCT_BUNDLE_IDENTIFIER = blank.MykiInspectorsTests;
				PRODUCT_NAME = "$(TARGET_NAME)";
				SWIFT_EMIT_LOC_STRINGS = NO;
				SWIFT_VERSION = 5.0;
				TARGETED_DEVICE_FAMILY = "1,2";
				TEST_HOST = "$(BUILT_PRODUCTS_DIR)/MykiInspectors.app/$(BUNDLE_EXECUTABLE_FOLDER_PATH)/MykiInspectors";
			};
			name = Release;
		};
		789B72EA2C6CC48700247CEE /* Debug */ = {
			isa = XCBuildConfiguration;
			buildSettings = {
				ALWAYS_EMBED_SWIFT_STANDARD_LIBRARIES = YES;
				CODE_SIGN_STYLE = Automatic;
				CURRENT_PROJECT_VERSION = 1;
				GENERATE_INFOPLIST_FILE = YES;
				MARKETING_VERSION = 1.0;
				PRODUCT_BUNDLE_IDENTIFIER = blank.MykiInspectorsUITests;
				PRODUCT_NAME = "$(TARGET_NAME)";
				SWIFT_EMIT_LOC_STRINGS = NO;
				SWIFT_VERSION = 5.0;
				TARGETED_DEVICE_FAMILY = "1,2";
				TEST_TARGET_NAME = MykiInspectors;
			};
			name = Debug;
		};
		789B72EB2C6CC48700247CEE /* Release */ = {
			isa = XCBuildConfiguration;
			buildSettings = {
				ALWAYS_EMBED_SWIFT_STANDARD_LIBRARIES = YES;
				CODE_SIGN_STYLE = Automatic;
				CURRENT_PROJECT_VERSION = 1;
				GENERATE_INFOPLIST_FILE = YES;
				MARKETING_VERSION = 1.0;
				PRODUCT_BUNDLE_IDENTIFIER = blank.MykiInspectorsUITests;
				PRODUCT_NAME = "$(TARGET_NAME)";
				SWIFT_EMIT_LOC_STRINGS = NO;
				SWIFT_VERSION = 5.0;
				TARGETED_DEVICE_FAMILY = "1,2";
				TEST_TARGET_NAME = MykiInspectors;
			};
			name = Release;
		};
/* End XCBuildConfiguration section */

/* Begin XCConfigurationList section */
		789B72B82C6CC48400247CEE /* Build configuration list for PBXProject "MykiInspectors" */ = {
			isa = XCConfigurationList;
			buildConfigurations = (
				789B72E12C6CC48700247CEE /* Debug */,
				789B72E22C6CC48700247CEE /* Release */,
			);
			defaultConfigurationIsVisible = 0;
			defaultConfigurationName = Release;
		};
		789B72E32C6CC48700247CEE /* Build configuration list for PBXNativeTarget "MykiInspectors" */ = {
			isa = XCConfigurationList;
			buildConfigurations = (
				789B72E42C6CC48700247CEE /* Debug */,
				789B72E52C6CC48700247CEE /* Release */,
			);
			defaultConfigurationIsVisible = 0;
			defaultConfigurationName = Release;
		};
		789B72E62C6CC48700247CEE /* Build configuration list for PBXNativeTarget "MykiInspectorsTests" */ = {
			isa = XCConfigurationList;
			buildConfigurations = (
				789B72E72C6CC48700247CEE /* Debug */,
				789B72E82C6CC48700247CEE /* Release */,
			);
			defaultConfigurationIsVisible = 0;
			defaultConfigurationName = Release;
		};
		789B72E92C6CC48700247CEE /* Build configuration list for PBXNativeTarget "MykiInspectorsUITests" */ = {
			isa = XCConfigurationList;
			buildConfigurations = (
				789B72EA2C6CC48700247CEE /* Debug */,
				789B72EB2C6CC48700247CEE /* Release */,
			);
			defaultConfigurationIsVisible = 0;
			defaultConfigurationName = Release;
		};
/* End XCConfigurationList section */
	};
	rootObject = 789B72B52C6CC48400247CEE /* Project object */;
}
